
Microsoft Visual Studio Solution File, Format Version 12.00
# Visual Studio Version 17
VisualStudioVersion = 17.8.34525.116
MinimumVisualStudioVersion = 10.0.40219.1
Project("{FAE04EC0-301F-11D3-BF4B-00C04F79EFBC}") = "P2PStorage.APP", "P2PStorage.APP\P2PStorage.APP.csproj", "{E71F9060-EC24-4A7D-9ED1-804658CD7DE0}"
EndProject
Project("{FAE04EC0-301F-11D3-BF4B-00C04F79EFBC}") = "P2PStorage.Service", "P2PStorage.Service\P2PStorage.Service.csproj", "{689D0A6F-523A-4B30-A2CB-DFEDC80CC2FC}"
EndProject
Project("{FAE04EC0-301F-11D3-BF4B-00C04F79EFBC}") = "P2PStorage.Data", "P2PStorage.Data\P2PStorage.Data.csproj", "{B082A594-1706-42B7-A376-31B118E41F19}"
EndProject
Project("{FAE04EC0-301F-11D3-BF4B-00C04F79EFBC}") = "P2PStorage.Common", "P2PStorage.Common\P2PStorage.Common.csproj", "{B9473478-FD0B-4DCD-BBCB-0336E7BFD27A}"
EndProject
Global
	GlobalSection(SolutionConfigurationPlatforms) = preSolution
		Debug|Any CPU = Debug|Any CPU
		Release|Any CPU = Release|Any CPU
	EndGlobalSection
	GlobalSection(ProjectConfigurationPlatforms) = postSolution
		{E71F9060-EC24-4A7D-9ED1-804658CD7DE0}.Debug|Any CPU.ActiveCfg = Debug|Any CPU
		{E71F9060-EC24-4A7D-9ED1-804658CD7DE0}.Debug|Any CPU.Build.0 = Debug|Any CPU
		{E71F9060-EC24-4A7D-9ED1-804658CD7DE0}.Release|Any CPU.ActiveCfg = Release|Any CPU
		{E71F9060-EC24-4A7D-9ED1-804658CD7DE0}.Release|Any CPU.Build.0 = Release|Any CPU
		{689D0A6F-523A-4B30-A2CB-DFEDC80CC2FC}.Debug|Any CPU.ActiveCfg = Debug|Any CPU
		{689D0A6F-523A-4B30-A2CB-DFEDC80CC2FC}.Debug|Any CPU.Build.0 = Debug|Any CPU
		{689D0A6F-523A-4B30-A2CB-DFEDC80CC2FC}.Release|Any CPU.ActiveCfg = Release|Any CPU
		{689D0A6F-523A-4B30-A2CB-DFEDC80CC2FC}.Release|Any CPU.Build.0 = Release|Any CPU
		{B082A594-1706-42B7-A376-31B118E41F19}.Debug|Any CPU.ActiveCfg = Debug|Any CPU
		{B082A594-1706-42B7-A376-31B118E41F19}.Debug|Any CPU.Build.0 = Debug|Any CPU
		{B082A594-1706-42B7-A376-31B118E41F19}.Release|Any CPU.ActiveCfg = Release|Any CPU
		{B082A594-1706-42B7-A376-31B118E41F19}.Release|Any CPU.Build.0 = Release|Any CPU
		{B9473478-FD0B-4DCD-BBCB-0336E7BFD27A}.Debug|Any CPU.ActiveCfg = Debug|Any CPU
		{B9473478-FD0B-4DCD-BBCB-0336E7BFD27A}.Debug|Any CPU.Build.0 = Debug|Any CPU
		{B9473478-FD0B-4DCD-BBCB-0336E7BFD27A}.Release|Any CPU.ActiveCfg = Release|Any CPU
		{B9473478-FD0B-4DCD-BBCB-0336E7BFD27A}.Release|Any CPU.Build.0 = Release|Any CPU
	EndGlobalSection
	GlobalSection(SolutionProperties) = preSolution
		HideSolutionNode = FALSE
	EndGlobalSection
	GlobalSection(ExtensibilityGlobals) = postSolution
		SolutionGuid = {2ED5AF61-76F0-4DD5-A189-1513D39DF752}
	EndGlobalSection
EndGlobal
